
Microsoft Visual Studio Solution File, Format Version 12.00
# Visual Studio Version 17
VisualStudioVersion = 17.9.34701.34
MinimumVisualStudioVersion = 10.0.40219.1
Project("{FAE04EC0-301F-11D3-BF4B-00C04F79EFBC}") = "Practica", "Practica\Practica.csproj", "{822B606E-24D9-4048-AD0B-9C5128E495FD}"
EndProject
Global
	GlobalSection(SolutionConfigurationPlatforms) = preSolution
		Debug|Any CPU = Debug|Any CPU
		Release|Any CPU = Release|Any CPU
	EndGlobalSection
	GlobalSection(ProjectConfigurationPlatforms) = postSolution
		{822B606E-24D9-4048-AD0B-9C5128E495FD}.Debug|Any CPU.ActiveCfg = Debug|Any CPU
		{822B606E-24D9-4048-AD0B-9C5128E495FD}.Debug|Any CPU.Build.0 = Debug|Any CPU
		{822B606E-24D9-4048-AD0B-9C5128E495FD}.Release|Any CPU.ActiveCfg = Release|Any CPU
		{822B606E-24D9-4048-AD0B-9C5128E495FD}.Release|Any CPU.Build.0 = Release|Any CPU
	EndGlobalSection
	GlobalSection(SolutionProperties) = preSolution
		HideSolutionNode = FALSE
	EndGlobalSection
	GlobalSection(ExtensibilityGlobals) = postSolution
		SolutionGuid = {EF06B80E-86E2-48F0-A676-BBC3204200B6}
	EndGlobalSection
EndGlobal
